
Microsoft Visual Studio Solution File, Format Version 12.00
# Visual Studio 2012
Project("{FAE04EC0-301F-11D3-BF4B-00C04F79EFBC}") = "ActueelNS", "ActueelNS\ActueelNS.csproj", "{F2E6E890-C49B-4D33-91DA-E6793DCE8AF3}"
EndProject
Project("{FAE04EC0-301F-11D3-BF4B-00C04F79EFBC}") = "ActueelNS.Services", "ActueelNS.Services\ActueelNS.Services.csproj", "{E44C16FC-0C8E-4A92-8DEA-9085B8BF1352}"
EndProject
Project("{FAE04EC0-301F-11D3-BF4B-00C04F79EFBC}") = "ActueelNS.TaskAgents", "ActueelNS.TaskAgents\ActueelNS.TaskAgents.csproj", "{2CECC807-AD0F-4051-9A23-F0DAD22B8663}"
EndProject
Project("{FAE04EC0-301F-11D3-BF4B-00C04F79EFBC}") = "ReadStationXmlConsole", "ReadStationXmlConsole\ReadStationXmlConsole.csproj", "{CD313448-0E6D-4C15-B3BA-41F21F75F481}"
EndProject
Project("{FAE04EC0-301F-11D3-BF4B-00C04F79EFBC}") = "MockIAPLib", "MockIAPLib\MockIAPLib.csproj", "{015E3DFE-EB56-429F-95EF-BAB5D41B23BE}"
EndProject
Global
	GlobalSection(SolutionConfigurationPlatforms) = preSolution
		Debug|Any CPU = Debug|Any CPU
		Debug|ARM = Debug|ARM
		Debug|Mixed Platforms = Debug|Mixed Platforms
		Debug|x86 = Debug|x86
		Release|Any CPU = Release|Any CPU
		Release|ARM = Release|ARM
		Release|Mixed Platforms = Release|Mixed Platforms
		Release|x86 = Release|x86
	EndGlobalSection
	GlobalSection(ProjectConfigurationPlatforms) = postSolution
		{F2E6E890-C49B-4D33-91DA-E6793DCE8AF3}.Debug|Any CPU.ActiveCfg = Debug|Any CPU
		{F2E6E890-C49B-4D33-91DA-E6793DCE8AF3}.Debug|Any CPU.Build.0 = Debug|Any CPU
		{F2E6E890-C49B-4D33-91DA-E6793DCE8AF3}.Debug|Any CPU.Deploy.0 = Debug|Any CPU
		{F2E6E890-C49B-4D33-91DA-E6793DCE8AF3}.Debug|ARM.ActiveCfg = Debug|ARM
		{F2E6E890-C49B-4D33-91DA-E6793DCE8AF3}.Debug|ARM.Build.0 = Debug|ARM
		{F2E6E890-C49B-4D33-91DA-E6793DCE8AF3}.Debug|ARM.Deploy.0 = Debug|ARM
		{F2E6E890-C49B-4D33-91DA-E6793DCE8AF3}.Debug|Mixed Platforms.ActiveCfg = Debug|Any CPU
		{F2E6E890-C49B-4D33-91DA-E6793DCE8AF3}.Debug|Mixed Platforms.Build.0 = Debug|Any CPU
		{F2E6E890-C49B-4D33-91DA-E6793DCE8AF3}.Debug|Mixed Platforms.Deploy.0 = Debug|Any CPU
		{F2E6E890-C49B-4D33-91DA-E6793DCE8AF3}.Debug|x86.ActiveCfg = Debug|Any CPU
		{F2E6E890-C49B-4D33-91DA-E6793DCE8AF3}.Release|Any CPU.ActiveCfg = Release|Any CPU
		{F2E6E890-C49B-4D33-91DA-E6793DCE8AF3}.Release|Any CPU.Build.0 = Release|Any CPU
		{F2E6E890-C49B-4D33-91DA-E6793DCE8AF3}.Release|Any CPU.Deploy.0 = Release|Any CPU
		{F2E6E890-C49B-4D33-91DA-E6793DCE8AF3}.Release|ARM.ActiveCfg = Release|ARM
		{F2E6E890-C49B-4D33-91DA-E6793DCE8AF3}.Release|ARM.Build.0 = Release|ARM
		{F2E6E890-C49B-4D33-91DA-E6793DCE8AF3}.Release|ARM.Deploy.0 = Release|ARM
		{F2E6E890-C49B-4D33-91DA-E6793DCE8AF3}.Release|Mixed Platforms.ActiveCfg = Release|Any CPU
		{F2E6E890-C49B-4D33-91DA-E6793DCE8AF3}.Release|Mixed Platforms.Build.0 = Release|Any CPU
		{F2E6E890-C49B-4D33-91DA-E6793DCE8AF3}.Release|Mixed Platforms.Deploy.0 = Release|Any CPU
		{F2E6E890-C49B-4D33-91DA-E6793DCE8AF3}.Release|x86.ActiveCfg = Release|Any CPU
		{E44C16FC-0C8E-4A92-8DEA-9085B8BF1352}.Debug|Any CPU.ActiveCfg = Debug|Any CPU
		{E44C16FC-0C8E-4A92-8DEA-9085B8BF1352}.Debug|Any CPU.Build.0 = Debug|Any CPU
		{E44C16FC-0C8E-4A92-8DEA-9085B8BF1352}.Debug|ARM.ActiveCfg = Debug|ARM
		{E44C16FC-0C8E-4A92-8DEA-9085B8BF1352}.Debug|ARM.Build.0 = Debug|ARM
		{E44C16FC-0C8E-4A92-8DEA-9085B8BF1352}.Debug|Mixed Platforms.ActiveCfg = Debug|Any CPU
		{E44C16FC-0C8E-4A92-8DEA-9085B8BF1352}.Debug|Mixed Platforms.Build.0 = Debug|Any CPU
		{E44C16FC-0C8E-4A92-8DEA-9085B8BF1352}.Debug|x86.ActiveCfg = Debug|Any CPU
		{E44C16FC-0C8E-4A92-8DEA-9085B8BF1352}.Release|Any CPU.ActiveCfg = Release|Any CPU
		{E44C16FC-0C8E-4A92-8DEA-9085B8BF1352}.Release|Any CPU.Build.0 = Release|Any CPU
		{E44C16FC-0C8E-4A92-8DEA-9085B8BF1352}.Release|ARM.ActiveCfg = Release|ARM
		{E44C16FC-0C8E-4A92-8DEA-9085B8BF1352}.Release|ARM.Build.0 = Release|ARM
		{E44C16FC-0C8E-4A92-8DEA-9085B8BF1352}.Release|Mixed Platforms.ActiveCfg = Release|Any CPU
		{E44C16FC-0C8E-4A92-8DEA-9085B8BF1352}.Release|Mixed Platforms.Build.0 = Release|Any CPU
		{E44C16FC-0C8E-4A92-8DEA-9085B8BF1352}.Release|x86.ActiveCfg = Release|Any CPU
		{2CECC807-AD0F-4051-9A23-F0DAD22B8663}.Debug|Any CPU.ActiveCfg = Debug|Any CPU
		{2CECC807-AD0F-4051-9A23-F0DAD22B8663}.Debug|Any CPU.Build.0 = Debug|Any CPU
		{2CECC807-AD0F-4051-9A23-F0DAD22B8663}.Debug|ARM.ActiveCfg = Debug|Any CPU
		{2CECC807-AD0F-4051-9A23-F0DAD22B8663}.Debug|Mixed Platforms.ActiveCfg = Debug|Any CPU
		{2CECC807-AD0F-4051-9A23-F0DAD22B8663}.Debug|Mixed Platforms.Build.0 = Debug|Any CPU
		{2CECC807-AD0F-4051-9A23-F0DAD22B8663}.Debug|x86.ActiveCfg = Debug|Any CPU
		{2CECC807-AD0F-4051-9A23-F0DAD22B8663}.Release|Any CPU.ActiveCfg = Release|Any CPU
		{2CECC807-AD0F-4051-9A23-F0DAD22B8663}.Release|Any CPU.Build.0 = Release|Any CPU
		{2CECC807-AD0F-4051-9A23-F0DAD22B8663}.Release|ARM.ActiveCfg = Release|Any CPU
		{2CECC807-AD0F-4051-9A23-F0DAD22B8663}.Release|Mixed Platforms.ActiveCfg = Release|Any CPU
		{2CECC807-AD0F-4051-9A23-F0DAD22B8663}.Release|Mixed Platforms.Build.0 = Release|Any CPU
		{2CECC807-AD0F-4051-9A23-F0DAD22B8663}.Release|x86.ActiveCfg = Release|Any CPU
		{CD313448-0E6D-4C15-B3BA-41F21F75F481}.Debug|Any CPU.ActiveCfg = Debug|x86
		{CD313448-0E6D-4C15-B3BA-41F21F75F481}.Debug|ARM.ActiveCfg = Debug|x86
		{CD313448-0E6D-4C15-B3BA-41F21F75F481}.Debug|Mixed Platforms.ActiveCfg = Debug|x86
		{CD313448-0E6D-4C15-B3BA-41F21F75F481}.Debug|Mixed Platforms.Build.0 = Debug|x86
		{CD313448-0E6D-4C15-B3BA-41F21F75F481}.Debug|x86.ActiveCfg = Debug|x86
		{CD313448-0E6D-4C15-B3BA-41F21F75F481}.Debug|x86.Build.0 = Debug|x86
		{CD313448-0E6D-4C15-B3BA-41F21F75F481}.Release|Any CPU.ActiveCfg = Release|x86
		{CD313448-0E6D-4C15-B3BA-41F21F75F481}.Release|ARM.ActiveCfg = Release|x86
		{CD313448-0E6D-4C15-B3BA-41F21F75F481}.Release|Mixed Platforms.ActiveCfg = Release|x86
		{CD313448-0E6D-4C15-B3BA-41F21F75F481}.Release|Mixed Platforms.Build.0 = Release|x86
		{CD313448-0E6D-4C15-B3BA-41F21F75F481}.Release|x86.ActiveCfg = Release|x86
		{CD313448-0E6D-4C15-B3BA-41F21F75F481}.Release|x86.Build.0 = Release|x86
		{015E3DFE-EB56-429F-95EF-BAB5D41B23BE}.Debug|Any CPU.ActiveCfg = Debug|Any CPU
		{015E3DFE-EB56-429F-95EF-BAB5D41B23BE}.Debug|Any CPU.Build.0 = Debug|Any CPU
		{015E3DFE-EB56-429F-95EF-BAB5D41B23BE}.Debug|ARM.ActiveCfg = Debug|ARM
		{015E3DFE-EB56-429F-95EF-BAB5D41B23BE}.Debug|ARM.Build.0 = Debug|ARM
		{015E3DFE-EB56-429F-95EF-BAB5D41B23BE}.Debug|Mixed Platforms.ActiveCfg = Debug|x86
		{015E3DFE-EB56-429F-95EF-BAB5D41B23BE}.Debug|Mixed Platforms.Build.0 = Debug|x86
		{015E3DFE-EB56-429F-95EF-BAB5D41B23BE}.Debug|x86.ActiveCfg = Debug|x86
		{015E3DFE-EB56-429F-95EF-BAB5D41B23BE}.Debug|x86.Build.0 = Debug|x86
		{015E3DFE-EB56-429F-95EF-BAB5D41B23BE}.Release|Any CPU.ActiveCfg = Release|Any CPU
		{015E3DFE-EB56-429F-95EF-BAB5D41B23BE}.Release|Any CPU.Build.0 = Release|Any CPU
		{015E3DFE-EB56-429F-95EF-BAB5D41B23BE}.Release|ARM.ActiveCfg = Release|ARM
		{015E3DFE-EB56-429F-95EF-BAB5D41B23BE}.Release|ARM.Build.0 = Release|ARM
		{015E3DFE-EB56-429F-95EF-BAB5D41B23BE}.Release|Mixed Platforms.ActiveCfg = Release|x86
		{015E3DFE-EB56-429F-95EF-BAB5D41B23BE}.Release|Mixed Platforms.Build.0 = Release|x86
		{015E3DFE-EB56-429F-95EF-BAB5D41B23BE}.Release|x86.ActiveCfg = Release|x86
		{015E3DFE-EB56-429F-95EF-BAB5D41B23BE}.Release|x86.Build.0 = Release|x86
	EndGlobalSection
	GlobalSection(SolutionProperties) = preSolution
		HideSolutionNode = FALSE
	EndGlobalSection
EndGlobal
